
Microsoft Visual Studio Solution File, Format Version 12.00
# Visual Studio Version 17
VisualStudioVersion = 17.3.32825.248
MinimumVisualStudioVersion = 10.0.40219.1
Project("{FAE04EC0-301F-11D3-BF4B-00C04F79EFBC}") = "SoftwareDevelopConsole", "SoftwareDevelopConsole\SoftwareDevelopConsole.csproj", "{4CDB032E-DB4B-4D68-9E7F-EB9E387B9423}"
EndProject
Global
	GlobalSection(SolutionConfigurationPlatforms) = preSolution
		Debug|Any CPU = Debug|Any CPU
		Release|Any CPU = Release|Any CPU
	EndGlobalSection
	GlobalSection(ProjectConfigurationPlatforms) = postSolution
		{4CDB032E-DB4B-4D68-9E7F-EB9E387B9423}.Debug|Any CPU.ActiveCfg = Debug|Any CPU
		{4CDB032E-DB4B-4D68-9E7F-EB9E387B9423}.Debug|Any CPU.Build.0 = Debug|Any CPU
		{4CDB032E-DB4B-4D68-9E7F-EB9E387B9423}.Release|Any CPU.ActiveCfg = Release|Any CPU
		{4CDB032E-DB4B-4D68-9E7F-EB9E387B9423}.Release|Any CPU.Build.0 = Release|Any CPU
	EndGlobalSection
	GlobalSection(SolutionProperties) = preSolution
		HideSolutionNode = FALSE
	EndGlobalSection
	GlobalSection(ExtensibilityGlobals) = postSolution
		SolutionGuid = {370700E8-2A60-4B90-87A3-5C689AF51DF8}
	EndGlobalSection
EndGlobal
